
Microsoft Visual Studio Solution File, Format Version 12.00
# Visual Studio 2012
VisualStudioVersion = 14.0.23107.0
MinimumVisualStudioVersion = 10.0.40219.1
Project("{f2a71f9b-5d33-465a-a702-920d77279786}") = "Salty.Game", "Salty.Game\Salty.Game.fsproj", "{FD0D8316-10C9-4755-8FC2-E0DE400BF9E5}"
EndProject
Project("{2150E333-8FDC-42A3-9474-1A3956D46DE8}") = "libs", "libs", "{54C210F2-3168-4FDA-A396-0ED5DEEB3B1D}"
EndProject
Project("{FAE04EC0-301F-11D3-BF4B-00C04F79EFBC}") = "Farseer Physics", "Farseer Physics Engine 3.5 SIMD\Farseer Physics.csproj", "{A4610E4C-DD34-428B-BABB-779CA0B5993A}"
EndProject
Project("{f2a71f9b-5d33-465a-a702-920d77279786}") = "ECS", "src\libs\ECS\ECS.fsproj", "{5CFBAD2F-6E20-48C5-960A-8A98D726EA03}"
EndProject
Project("{f2a71f9b-5d33-465a-a702-920d77279786}") = "Foom.Shared", "Foom.Shared\Foom.Shared.fsproj", "{1A20B0A8-ABC0-4A73-AA70-E12D669E6818}"
EndProject
Project("{f2a71f9b-5d33-465a-a702-920d77279786}") = "LitePickler", "LitePickler\LitePickler.fsproj", "{FA18AE53-83F9-45BB-8683-D13477121C03}"
EndProject
Project("{f2a71f9b-5d33-465a-a702-920d77279786}") = "ECS.Sample", "src\libs\ECS.Sample\ECS.Sample.fsproj", "{BA9B40D5-B85A-42CC-83D7-9868367D8026}"
EndProject
Project("{2150E333-8FDC-42A3-9474-1A3956D46DE8}") = "Engine", "Engine", "{7C91D801-A3A4-4BF3-9297-BD149E2829B6}"
EndProject
Project("{f2a71f9b-5d33-465a-a702-920d77279786}") = "Salty.Renderer", "Salty.Renderer\Salty.Renderer.fsproj", "{42AE588D-1C77-4778-A806-F49EAF7C2B5A}"
EndProject
Project("{f2a71f9b-5d33-465a-a702-920d77279786}") = "Salty.Input", "Salty.Input\Salty.Input.fsproj", "{CE1F8C45-C665-4F36-A2C2-1FA973F9DA47}"
EndProject
Project("{f2a71f9b-5d33-465a-a702-920d77279786}") = "Salty.Physics", "Salty.Physics\Salty.Physics.fsproj", "{BC928CFE-3FD1-4497-9553-EAC8E90D9372}"
EndProject
Project("{f2a71f9b-5d33-465a-a702-920d77279786}") = "Salty.Core", "src\Salty.Core\Salty.Core.fsproj", "{71D32E38-195A-4166-ADD7-DA4BA880AEE0}"
EndProject
Project("{2150E333-8FDC-42A3-9474-1A3956D46DE8}") = "Game", "Game", "{F9FA514F-3012-4BFF-9671-BF4E9C007C72}"
EndProject
Project("{f2a71f9b-5d33-465a-a702-920d77279786}") = "Salty.Game.Core", "Salty.Game.Core\Salty.Game.Core.fsproj", "{FF5C3A84-1C72-4907-8143-506248EB0DFD}"
EndProject
Project("{f2a71f9b-5d33-465a-a702-920d77279786}") = "Salty.Game.Command", "Salty.Game.Command\Salty.Game.Command.fsproj", "{04D8D3CA-7F63-4B67-B66D-7707E8395BA8}"
EndProject
Global
	GlobalSection(SolutionConfigurationPlatforms) = preSolution
		Debug|Any CPU = Debug|Any CPU
		Release|Any CPU = Release|Any CPU
		Debug|iPhoneSimulator = Debug|iPhoneSimulator
		Release|iPhone = Release|iPhone
		Release|iPhoneSimulator = Release|iPhoneSimulator
		Debug|iPhone = Debug|iPhone
	EndGlobalSection
	GlobalSection(ProjectConfigurationPlatforms) = postSolution
		{04D8D3CA-7F63-4B67-B66D-7707E8395BA8}.Debug|Any CPU.ActiveCfg = Debug|Any CPU
		{04D8D3CA-7F63-4B67-B66D-7707E8395BA8}.Debug|Any CPU.Build.0 = Debug|Any CPU
		{04D8D3CA-7F63-4B67-B66D-7707E8395BA8}.Debug|iPhone.ActiveCfg = Debug|Any CPU
		{04D8D3CA-7F63-4B67-B66D-7707E8395BA8}.Debug|iPhone.Build.0 = Debug|Any CPU
		{04D8D3CA-7F63-4B67-B66D-7707E8395BA8}.Debug|iPhoneSimulator.ActiveCfg = Debug|Any CPU
		{04D8D3CA-7F63-4B67-B66D-7707E8395BA8}.Debug|iPhoneSimulator.Build.0 = Debug|Any CPU
		{04D8D3CA-7F63-4B67-B66D-7707E8395BA8}.Release|Any CPU.ActiveCfg = Release|Any CPU
		{04D8D3CA-7F63-4B67-B66D-7707E8395BA8}.Release|Any CPU.Build.0 = Release|Any CPU
		{04D8D3CA-7F63-4B67-B66D-7707E8395BA8}.Release|iPhone.ActiveCfg = Release|Any CPU
		{04D8D3CA-7F63-4B67-B66D-7707E8395BA8}.Release|iPhone.Build.0 = Release|Any CPU
		{04D8D3CA-7F63-4B67-B66D-7707E8395BA8}.Release|iPhoneSimulator.ActiveCfg = Release|Any CPU
		{04D8D3CA-7F63-4B67-B66D-7707E8395BA8}.Release|iPhoneSimulator.Build.0 = Release|Any CPU
		{1A20B0A8-ABC0-4A73-AA70-E12D669E6818}.Debug|Any CPU.ActiveCfg = Debug|Any CPU
		{1A20B0A8-ABC0-4A73-AA70-E12D669E6818}.Debug|Any CPU.Build.0 = Debug|Any CPU
		{1A20B0A8-ABC0-4A73-AA70-E12D669E6818}.Debug|iPhone.ActiveCfg = Debug|Any CPU
		{1A20B0A8-ABC0-4A73-AA70-E12D669E6818}.Debug|iPhone.Build.0 = Debug|Any CPU
		{1A20B0A8-ABC0-4A73-AA70-E12D669E6818}.Debug|iPhoneSimulator.ActiveCfg = Debug|Any CPU
		{1A20B0A8-ABC0-4A73-AA70-E12D669E6818}.Debug|iPhoneSimulator.Build.0 = Debug|Any CPU
		{1A20B0A8-ABC0-4A73-AA70-E12D669E6818}.Release|Any CPU.ActiveCfg = Release|Any CPU
		{1A20B0A8-ABC0-4A73-AA70-E12D669E6818}.Release|Any CPU.Build.0 = Release|Any CPU
		{1A20B0A8-ABC0-4A73-AA70-E12D669E6818}.Release|iPhone.ActiveCfg = Release|Any CPU
		{1A20B0A8-ABC0-4A73-AA70-E12D669E6818}.Release|iPhone.Build.0 = Release|Any CPU
		{1A20B0A8-ABC0-4A73-AA70-E12D669E6818}.Release|iPhoneSimulator.ActiveCfg = Release|Any CPU
		{1A20B0A8-ABC0-4A73-AA70-E12D669E6818}.Release|iPhoneSimulator.Build.0 = Release|Any CPU
		{42AE588D-1C77-4778-A806-F49EAF7C2B5A}.Debug|Any CPU.ActiveCfg = Debug|Any CPU
		{42AE588D-1C77-4778-A806-F49EAF7C2B5A}.Debug|Any CPU.Build.0 = Debug|Any CPU
		{42AE588D-1C77-4778-A806-F49EAF7C2B5A}.Debug|iPhone.ActiveCfg = Debug|Any CPU
		{42AE588D-1C77-4778-A806-F49EAF7C2B5A}.Debug|iPhone.Build.0 = Debug|Any CPU
		{42AE588D-1C77-4778-A806-F49EAF7C2B5A}.Debug|iPhoneSimulator.ActiveCfg = Debug|Any CPU
		{42AE588D-1C77-4778-A806-F49EAF7C2B5A}.Debug|iPhoneSimulator.Build.0 = Debug|Any CPU
		{42AE588D-1C77-4778-A806-F49EAF7C2B5A}.Release|Any CPU.ActiveCfg = Release|Any CPU
		{42AE588D-1C77-4778-A806-F49EAF7C2B5A}.Release|Any CPU.Build.0 = Release|Any CPU
		{42AE588D-1C77-4778-A806-F49EAF7C2B5A}.Release|iPhone.ActiveCfg = Release|Any CPU
		{42AE588D-1C77-4778-A806-F49EAF7C2B5A}.Release|iPhone.Build.0 = Release|Any CPU
		{42AE588D-1C77-4778-A806-F49EAF7C2B5A}.Release|iPhoneSimulator.ActiveCfg = Release|Any CPU
		{42AE588D-1C77-4778-A806-F49EAF7C2B5A}.Release|iPhoneSimulator.Build.0 = Release|Any CPU
		{5CFBAD2F-6E20-48C5-960A-8A98D726EA03}.Debug|Any CPU.ActiveCfg = Debug|Any CPU
		{5CFBAD2F-6E20-48C5-960A-8A98D726EA03}.Debug|Any CPU.Build.0 = Debug|Any CPU
		{5CFBAD2F-6E20-48C5-960A-8A98D726EA03}.Debug|iPhone.ActiveCfg = Debug|Any CPU
		{5CFBAD2F-6E20-48C5-960A-8A98D726EA03}.Debug|iPhone.Build.0 = Debug|Any CPU
		{5CFBAD2F-6E20-48C5-960A-8A98D726EA03}.Debug|iPhoneSimulator.ActiveCfg = Debug|Any CPU
		{5CFBAD2F-6E20-48C5-960A-8A98D726EA03}.Debug|iPhoneSimulator.Build.0 = Debug|Any CPU
		{5CFBAD2F-6E20-48C5-960A-8A98D726EA03}.Release|Any CPU.ActiveCfg = Release|Any CPU
		{5CFBAD2F-6E20-48C5-960A-8A98D726EA03}.Release|Any CPU.Build.0 = Release|Any CPU
		{5CFBAD2F-6E20-48C5-960A-8A98D726EA03}.Release|iPhone.ActiveCfg = Release|Any CPU
		{5CFBAD2F-6E20-48C5-960A-8A98D726EA03}.Release|iPhone.Build.0 = Release|Any CPU
		{5CFBAD2F-6E20-48C5-960A-8A98D726EA03}.Release|iPhoneSimulator.ActiveCfg = Release|Any CPU
		{5CFBAD2F-6E20-48C5-960A-8A98D726EA03}.Release|iPhoneSimulator.Build.0 = Release|Any CPU
		{71D32E38-195A-4166-ADD7-DA4BA880AEE0}.Debug|Any CPU.ActiveCfg = Debug|Any CPU
		{71D32E38-195A-4166-ADD7-DA4BA880AEE0}.Debug|Any CPU.Build.0 = Debug|Any CPU
		{71D32E38-195A-4166-ADD7-DA4BA880AEE0}.Debug|iPhone.ActiveCfg = Debug|Any CPU
		{71D32E38-195A-4166-ADD7-DA4BA880AEE0}.Debug|iPhone.Build.0 = Debug|Any CPU
		{71D32E38-195A-4166-ADD7-DA4BA880AEE0}.Debug|iPhoneSimulator.ActiveCfg = Debug|Any CPU
		{71D32E38-195A-4166-ADD7-DA4BA880AEE0}.Debug|iPhoneSimulator.Build.0 = Debug|Any CPU
		{71D32E38-195A-4166-ADD7-DA4BA880AEE0}.Release|Any CPU.ActiveCfg = Release|Any CPU
		{71D32E38-195A-4166-ADD7-DA4BA880AEE0}.Release|Any CPU.Build.0 = Release|Any CPU
		{71D32E38-195A-4166-ADD7-DA4BA880AEE0}.Release|iPhone.ActiveCfg = Release|Any CPU
		{71D32E38-195A-4166-ADD7-DA4BA880AEE0}.Release|iPhone.Build.0 = Release|Any CPU
		{71D32E38-195A-4166-ADD7-DA4BA880AEE0}.Release|iPhoneSimulator.ActiveCfg = Release|Any CPU
		{71D32E38-195A-4166-ADD7-DA4BA880AEE0}.Release|iPhoneSimulator.Build.0 = Release|Any CPU
		{A4610E4C-DD34-428B-BABB-779CA0B5993A}.Debug|Any CPU.ActiveCfg = Debug|Any CPU
		{A4610E4C-DD34-428B-BABB-779CA0B5993A}.Debug|Any CPU.Build.0 = Debug|Any CPU
		{A4610E4C-DD34-428B-BABB-779CA0B5993A}.Debug|iPhone.ActiveCfg = Debug|Any CPU
		{A4610E4C-DD34-428B-BABB-779CA0B5993A}.Debug|iPhone.Build.0 = Debug|Any CPU
		{A4610E4C-DD34-428B-BABB-779CA0B5993A}.Debug|iPhoneSimulator.ActiveCfg = Debug|Any CPU
		{A4610E4C-DD34-428B-BABB-779CA0B5993A}.Debug|iPhoneSimulator.Build.0 = Debug|Any CPU
		{A4610E4C-DD34-428B-BABB-779CA0B5993A}.Release|Any CPU.ActiveCfg = Release|Any CPU
		{A4610E4C-DD34-428B-BABB-779CA0B5993A}.Release|Any CPU.Build.0 = Release|Any CPU
		{A4610E4C-DD34-428B-BABB-779CA0B5993A}.Release|iPhone.ActiveCfg = Release|Any CPU
		{A4610E4C-DD34-428B-BABB-779CA0B5993A}.Release|iPhone.Build.0 = Release|Any CPU
		{A4610E4C-DD34-428B-BABB-779CA0B5993A}.Release|iPhoneSimulator.ActiveCfg = Release|Any CPU
		{A4610E4C-DD34-428B-BABB-779CA0B5993A}.Release|iPhoneSimulator.Build.0 = Release|Any CPU
		{BA9B40D5-B85A-42CC-83D7-9868367D8026}.Debug|Any CPU.ActiveCfg = Debug|Any CPU
		{BA9B40D5-B85A-42CC-83D7-9868367D8026}.Debug|Any CPU.Build.0 = Debug|Any CPU
		{BA9B40D5-B85A-42CC-83D7-9868367D8026}.Debug|iPhone.ActiveCfg = Debug|Any CPU
		{BA9B40D5-B85A-42CC-83D7-9868367D8026}.Debug|iPhone.Build.0 = Debug|Any CPU
		{BA9B40D5-B85A-42CC-83D7-9868367D8026}.Debug|iPhoneSimulator.ActiveCfg = Debug|Any CPU
		{BA9B40D5-B85A-42CC-83D7-9868367D8026}.Debug|iPhoneSimulator.Build.0 = Debug|Any CPU
		{BA9B40D5-B85A-42CC-83D7-9868367D8026}.Release|Any CPU.ActiveCfg = Release|Any CPU
		{BA9B40D5-B85A-42CC-83D7-9868367D8026}.Release|Any CPU.Build.0 = Release|Any CPU
		{BA9B40D5-B85A-42CC-83D7-9868367D8026}.Release|iPhone.ActiveCfg = Release|Any CPU
		{BA9B40D5-B85A-42CC-83D7-9868367D8026}.Release|iPhone.Build.0 = Release|Any CPU
		{BA9B40D5-B85A-42CC-83D7-9868367D8026}.Release|iPhoneSimulator.ActiveCfg = Release|Any CPU
		{BA9B40D5-B85A-42CC-83D7-9868367D8026}.Release|iPhoneSimulator.Build.0 = Release|Any CPU
		{BC928CFE-3FD1-4497-9553-EAC8E90D9372}.Debug|Any CPU.ActiveCfg = Debug|Any CPU
		{BC928CFE-3FD1-4497-9553-EAC8E90D9372}.Debug|Any CPU.Build.0 = Debug|Any CPU
		{BC928CFE-3FD1-4497-9553-EAC8E90D9372}.Debug|iPhone.ActiveCfg = Debug|Any CPU
		{BC928CFE-3FD1-4497-9553-EAC8E90D9372}.Debug|iPhone.Build.0 = Debug|Any CPU
		{BC928CFE-3FD1-4497-9553-EAC8E90D9372}.Debug|iPhoneSimulator.ActiveCfg = Debug|Any CPU
		{BC928CFE-3FD1-4497-9553-EAC8E90D9372}.Debug|iPhoneSimulator.Build.0 = Debug|Any CPU
		{BC928CFE-3FD1-4497-9553-EAC8E90D9372}.Release|Any CPU.ActiveCfg = Release|Any CPU
		{BC928CFE-3FD1-4497-9553-EAC8E90D9372}.Release|Any CPU.Build.0 = Release|Any CPU
		{BC928CFE-3FD1-4497-9553-EAC8E90D9372}.Release|iPhone.ActiveCfg = Release|Any CPU
		{BC928CFE-3FD1-4497-9553-EAC8E90D9372}.Release|iPhone.Build.0 = Release|Any CPU
		{BC928CFE-3FD1-4497-9553-EAC8E90D9372}.Release|iPhoneSimulator.ActiveCfg = Release|Any CPU
		{BC928CFE-3FD1-4497-9553-EAC8E90D9372}.Release|iPhoneSimulator.Build.0 = Release|Any CPU
		{CE1F8C45-C665-4F36-A2C2-1FA973F9DA47}.Debug|Any CPU.ActiveCfg = Debug|Any CPU
		{CE1F8C45-C665-4F36-A2C2-1FA973F9DA47}.Debug|Any CPU.Build.0 = Debug|Any CPU
		{CE1F8C45-C665-4F36-A2C2-1FA973F9DA47}.Debug|iPhone.ActiveCfg = Debug|Any CPU
		{CE1F8C45-C665-4F36-A2C2-1FA973F9DA47}.Debug|iPhone.Build.0 = Debug|Any CPU
		{CE1F8C45-C665-4F36-A2C2-1FA973F9DA47}.Debug|iPhoneSimulator.ActiveCfg = Debug|Any CPU
		{CE1F8C45-C665-4F36-A2C2-1FA973F9DA47}.Debug|iPhoneSimulator.Build.0 = Debug|Any CPU
		{CE1F8C45-C665-4F36-A2C2-1FA973F9DA47}.Release|Any CPU.ActiveCfg = Release|Any CPU
		{CE1F8C45-C665-4F36-A2C2-1FA973F9DA47}.Release|Any CPU.Build.0 = Release|Any CPU
		{CE1F8C45-C665-4F36-A2C2-1FA973F9DA47}.Release|iPhone.ActiveCfg = Release|Any CPU
		{CE1F8C45-C665-4F36-A2C2-1FA973F9DA47}.Release|iPhone.Build.0 = Release|Any CPU
		{CE1F8C45-C665-4F36-A2C2-1FA973F9DA47}.Release|iPhoneSimulator.ActiveCfg = Release|Any CPU
		{CE1F8C45-C665-4F36-A2C2-1FA973F9DA47}.Release|iPhoneSimulator.Build.0 = Release|Any CPU
		{FA18AE53-83F9-45BB-8683-D13477121C03}.Debug|Any CPU.ActiveCfg = Debug|Any CPU
		{FA18AE53-83F9-45BB-8683-D13477121C03}.Debug|Any CPU.Build.0 = Debug|Any CPU
		{FA18AE53-83F9-45BB-8683-D13477121C03}.Debug|iPhone.ActiveCfg = Debug|Any CPU
		{FA18AE53-83F9-45BB-8683-D13477121C03}.Debug|iPhone.Build.0 = Debug|Any CPU
		{FA18AE53-83F9-45BB-8683-D13477121C03}.Debug|iPhoneSimulator.ActiveCfg = Debug|Any CPU
		{FA18AE53-83F9-45BB-8683-D13477121C03}.Debug|iPhoneSimulator.Build.0 = Debug|Any CPU
		{FA18AE53-83F9-45BB-8683-D13477121C03}.Release|Any CPU.ActiveCfg = Release|Any CPU
		{FA18AE53-83F9-45BB-8683-D13477121C03}.Release|Any CPU.Build.0 = Release|Any CPU
		{FA18AE53-83F9-45BB-8683-D13477121C03}.Release|iPhone.ActiveCfg = Release|Any CPU
		{FA18AE53-83F9-45BB-8683-D13477121C03}.Release|iPhone.Build.0 = Release|Any CPU
		{FA18AE53-83F9-45BB-8683-D13477121C03}.Release|iPhoneSimulator.ActiveCfg = Release|Any CPU
		{FA18AE53-83F9-45BB-8683-D13477121C03}.Release|iPhoneSimulator.Build.0 = Release|Any CPU
		{FD0D8316-10C9-4755-8FC2-E0DE400BF9E5}.Debug|Any CPU.ActiveCfg = Debug|Any CPU
		{FD0D8316-10C9-4755-8FC2-E0DE400BF9E5}.Debug|Any CPU.Build.0 = Debug|Any CPU
		{FD0D8316-10C9-4755-8FC2-E0DE400BF9E5}.Debug|iPhone.ActiveCfg = Debug|Any CPU
		{FD0D8316-10C9-4755-8FC2-E0DE400BF9E5}.Debug|iPhone.Build.0 = Debug|Any CPU
		{FD0D8316-10C9-4755-8FC2-E0DE400BF9E5}.Debug|iPhoneSimulator.ActiveCfg = Debug|Any CPU
		{FD0D8316-10C9-4755-8FC2-E0DE400BF9E5}.Debug|iPhoneSimulator.Build.0 = Debug|Any CPU
		{FD0D8316-10C9-4755-8FC2-E0DE400BF9E5}.Release|Any CPU.ActiveCfg = Release|Any CPU
		{FD0D8316-10C9-4755-8FC2-E0DE400BF9E5}.Release|Any CPU.Build.0 = Release|Any CPU
		{FD0D8316-10C9-4755-8FC2-E0DE400BF9E5}.Release|iPhone.ActiveCfg = Release|Any CPU
		{FD0D8316-10C9-4755-8FC2-E0DE400BF9E5}.Release|iPhone.Build.0 = Release|Any CPU
		{FD0D8316-10C9-4755-8FC2-E0DE400BF9E5}.Release|iPhoneSimulator.ActiveCfg = Release|Any CPU
		{FD0D8316-10C9-4755-8FC2-E0DE400BF9E5}.Release|iPhoneSimulator.Build.0 = Release|Any CPU
		{FF5C3A84-1C72-4907-8143-506248EB0DFD}.Debug|Any CPU.ActiveCfg = Debug|Any CPU
		{FF5C3A84-1C72-4907-8143-506248EB0DFD}.Debug|Any CPU.Build.0 = Debug|Any CPU
		{FF5C3A84-1C72-4907-8143-506248EB0DFD}.Debug|iPhone.ActiveCfg = Debug|Any CPU
		{FF5C3A84-1C72-4907-8143-506248EB0DFD}.Debug|iPhone.Build.0 = Debug|Any CPU
		{FF5C3A84-1C72-4907-8143-506248EB0DFD}.Debug|iPhoneSimulator.ActiveCfg = Debug|Any CPU
		{FF5C3A84-1C72-4907-8143-506248EB0DFD}.Debug|iPhoneSimulator.Build.0 = Debug|Any CPU
		{FF5C3A84-1C72-4907-8143-506248EB0DFD}.Release|Any CPU.ActiveCfg = Release|Any CPU
		{FF5C3A84-1C72-4907-8143-506248EB0DFD}.Release|Any CPU.Build.0 = Release|Any CPU
		{FF5C3A84-1C72-4907-8143-506248EB0DFD}.Release|iPhone.ActiveCfg = Release|Any CPU
		{FF5C3A84-1C72-4907-8143-506248EB0DFD}.Release|iPhone.Build.0 = Release|Any CPU
		{FF5C3A84-1C72-4907-8143-506248EB0DFD}.Release|iPhoneSimulator.ActiveCfg = Release|Any CPU
		{FF5C3A84-1C72-4907-8143-506248EB0DFD}.Release|iPhoneSimulator.Build.0 = Release|Any CPU
	EndGlobalSection
	GlobalSection(NestedProjects) = preSolution
		{A4610E4C-DD34-428B-BABB-779CA0B5993A} = {54C210F2-3168-4FDA-A396-0ED5DEEB3B1D}
		{5CFBAD2F-6E20-48C5-960A-8A98D726EA03} = {54C210F2-3168-4FDA-A396-0ED5DEEB3B1D}
		{1A20B0A8-ABC0-4A73-AA70-E12D669E6818} = {54C210F2-3168-4FDA-A396-0ED5DEEB3B1D}
		{FA18AE53-83F9-45BB-8683-D13477121C03} = {54C210F2-3168-4FDA-A396-0ED5DEEB3B1D}
		{BA9B40D5-B85A-42CC-83D7-9868367D8026} = {54C210F2-3168-4FDA-A396-0ED5DEEB3B1D}
		{42AE588D-1C77-4778-A806-F49EAF7C2B5A} = {7C91D801-A3A4-4BF3-9297-BD149E2829B6}
		{CE1F8C45-C665-4F36-A2C2-1FA973F9DA47} = {7C91D801-A3A4-4BF3-9297-BD149E2829B6}
		{BC928CFE-3FD1-4497-9553-EAC8E90D9372} = {7C91D801-A3A4-4BF3-9297-BD149E2829B6}
		{71D32E38-195A-4166-ADD7-DA4BA880AEE0} = {7C91D801-A3A4-4BF3-9297-BD149E2829B6}
		{FF5C3A84-1C72-4907-8143-506248EB0DFD} = {F9FA514F-3012-4BFF-9671-BF4E9C007C72}
		{04D8D3CA-7F63-4B67-B66D-7707E8395BA8} = {F9FA514F-3012-4BFF-9671-BF4E9C007C72}
	EndGlobalSection
	GlobalSection(SolutionProperties) = preSolution
		HideSolutionNode = FALSE
	EndGlobalSection
EndGlobal
